<?xml version="1.0" encoding="UTF-8" standalone="yes" ?>
<CodeBlocks_project_file>
	<FileVersion major="1" minor="6" />
	<Project>
		<Option title="fs_crawler_v1.0" />
		<Option pch_mode="2" />
		<Option compiler="gcc" />
		<Build>
			<Target title="Debug">
				<Option output="bin/Debug/fs_crawler_v1" prefix_auto="1" extension_auto="1" />
				<Option object_output="obj/Debug/" />
				<Option type="1" />
				<Option compiler="gcc" />
				<Compiler>
					<Add option="-g" />
					<Add directory="../../../../../../usr/include/boost" />
				</Compiler>
				<Linker>
					<Add library="boost_system" />
					<Add library="boost_filesystem" />
					<Add directory="../../../../../../usr/lib/x86_64-linux-gnu" />
				</Linker>
			</Target>
			<Target title="Release">
				<Option output="bin/Release/fs_crawler_v1" prefix_auto="1" extension_auto="1" />
				<Option object_output="obj/Release/" />
				<Option type="1" />
				<Option compiler="gcc" />
				<Compiler>
					<Add option="-O2" />
					<Add directory="../../../../../../usr/include/boost" />
				</Compiler>
				<Linker>
					<Add option="-s" />
					<Add library="boost_system" />
					<Add library="boost_filesystem" />
					<Add directory="../../../../../../usr/lib/x86_64-linux-gnu" />
				</Linker>
			</Target>
		</Build>
		<Compiler>
			<Add option="-Wall" />
			<Add option="-fexceptions" />
		</Compiler>
		<Unit filename="FLog.h" />
		<Unit filename="Flog.cpp" />
		<Unit filename="functions.cpp" />
		<Unit filename="functions.h" />
		<Unit filename="json-forwards.h" />
		<Unit filename="json.h" />
		<Unit filename="jsoncpp.cpp" />
		<Unit filename="main.cpp" />
		<Extensions />
	</Project>
</CodeBlocks_project_file>
